
Microsoft Visual Studio Solution File, Format Version 12.00
# Visual Studio Version 17
VisualStudioVersion = 17.10.35027.167
MinimumVisualStudioVersion = 10.0.40219.1
Project("{9A19103F-16F7-4668-BE54-9A1E7A4F7556}") = "SimpleDDD.Domain", "SimpleDDD.Domain\SimpleDDD.Domain.csproj", "{48D09AD7-8B75-46BB-9738-B8ADDB31AA27}"
EndProject
Project("{9A19103F-16F7-4668-BE54-9A1E7A4F7556}") = "SimpleDDD.Infrastructure", "SimpleDDD.Infrastructure\SimpleDDD.Infrastructure.csproj", "{EDF06419-D10B-434C-AB19-D837BA3D1435}"
EndProject
Project("{FAE04EC0-301F-11D3-BF4B-00C04F79EFBC}") = "SimpleDDD.WebApi", "SimpleDDD.WebApi\SimpleDDD.WebApi.csproj", "{8D477114-9814-4207-B449-88F31E4F6650}"
EndProject
Global
	GlobalSection(SolutionConfigurationPlatforms) = preSolution
		Debug|Any CPU = Debug|Any CPU
		Release|Any CPU = Release|Any CPU
	EndGlobalSection
	GlobalSection(ProjectConfigurationPlatforms) = postSolution
		{48D09AD7-8B75-46BB-9738-B8ADDB31AA27}.Debug|Any CPU.ActiveCfg = Debug|Any CPU
		{48D09AD7-8B75-46BB-9738-B8ADDB31AA27}.Debug|Any CPU.Build.0 = Debug|Any CPU
		{48D09AD7-8B75-46BB-9738-B8ADDB31AA27}.Release|Any CPU.ActiveCfg = Release|Any CPU
		{48D09AD7-8B75-46BB-9738-B8ADDB31AA27}.Release|Any CPU.Build.0 = Release|Any CPU
		{EDF06419-D10B-434C-AB19-D837BA3D1435}.Debug|Any CPU.ActiveCfg = Debug|Any CPU
		{EDF06419-D10B-434C-AB19-D837BA3D1435}.Debug|Any CPU.Build.0 = Debug|Any CPU
		{EDF06419-D10B-434C-AB19-D837BA3D1435}.Release|Any CPU.ActiveCfg = Release|Any CPU
		{EDF06419-D10B-434C-AB19-D837BA3D1435}.Release|Any CPU.Build.0 = Release|Any CPU
		{8D477114-9814-4207-B449-88F31E4F6650}.Debug|Any CPU.ActiveCfg = Debug|Any CPU
		{8D477114-9814-4207-B449-88F31E4F6650}.Debug|Any CPU.Build.0 = Debug|Any CPU
		{8D477114-9814-4207-B449-88F31E4F6650}.Release|Any CPU.ActiveCfg = Release|Any CPU
		{8D477114-9814-4207-B449-88F31E4F6650}.Release|Any CPU.Build.0 = Release|Any CPU
	EndGlobalSection
	GlobalSection(SolutionProperties) = preSolution
		HideSolutionNode = FALSE
	EndGlobalSection
	GlobalSection(ExtensibilityGlobals) = postSolution
		SolutionGuid = {979AEC81-B616-4DA5-9131-A7C5C026651D}
	EndGlobalSection
EndGlobal
